
Microsoft Visual Studio Solution File, Format Version 12.00
# Visual Studio 15
VisualStudioVersion = 15.0.27703.2035
MinimumVisualStudioVersion = 10.0.40219.1
Project("{FAE04EC0-301F-11D3-BF4B-00C04F79EFBC}") = "Lojinha", "Lojinha\Lojinha.csproj", "{D41F0996-0FBF-488C-A6B7-341E591092B3}"
EndProject
Global
	GlobalSection(SolutionConfigurationPlatforms) = preSolution
		Debug|Any CPU = Debug|Any CPU
		Release|Any CPU = Release|Any CPU
	EndGlobalSection
	GlobalSection(ProjectConfigurationPlatforms) = postSolution
		{D41F0996-0FBF-488C-A6B7-341E591092B3}.Debug|Any CPU.ActiveCfg = Debug|Any CPU
		{D41F0996-0FBF-488C-A6B7-341E591092B3}.Debug|Any CPU.Build.0 = Debug|Any CPU
		{D41F0996-0FBF-488C-A6B7-341E591092B3}.Release|Any CPU.ActiveCfg = Release|Any CPU
		{D41F0996-0FBF-488C-A6B7-341E591092B3}.Release|Any CPU.Build.0 = Release|Any CPU
	EndGlobalSection
	GlobalSection(SolutionProperties) = preSolution
		HideSolutionNode = FALSE
	EndGlobalSection
	GlobalSection(ExtensibilityGlobals) = postSolution
		SolutionGuid = {7BE93A4B-5A86-4685-BEF3-8647DE6B382E}
	EndGlobalSection
EndGlobal
